
Microsoft Visual Studio Solution File, Format Version 12.00
# Visual Studio Version 17
VisualStudioVersion = 17.11.35312.102
MinimumVisualStudioVersion = 10.0.40219.1
Project("{9A19103F-16F7-4668-BE54-9A1E7A4F7556}") = "DigAccess.Web", "DigAccess.Web\DigAccess.Web.csproj", "{62C136D8-8FAD-4435-99CC-94744AF020B4}"
EndProject
Project("{9A19103F-16F7-4668-BE54-9A1E7A4F7556}") = "DigAccess.DbContext", "DigAccess.Data\DigAccess.DbContext.csproj", "{91C006D7-1911-4183-955D-E4C0FBC1C07B}"
EndProject
Project("{9A19103F-16F7-4668-BE54-9A1E7A4F7556}") = "DigAccess.Models", "DigAccess.Models\DigAccess.Models.csproj", "{F3F88099-CE68-4A69-806A-F6BBE55875BE}"
EndProject
Project("{2150E333-8FDC-42A3-9474-1A3956D46DE8}") = "Data", "Data", "{39C3E4AC-98F9-4899-9165-6E5027ACAAD0}"
EndProject
Project("{2150E333-8FDC-42A3-9474-1A3956D46DE8}") = "ViewModels", "ViewModels", "{1795CA43-4CBB-46F2-9F3A-31F8CCF625B4}"
EndProject
Project("{9A19103F-16F7-4668-BE54-9A1E7A4F7556}") = "DigAccess.Data.Entities", "DigAccess.Data.Entities\DigAccess.Data.Entities.csproj", "{02A11BD0-C43C-4F2B-9888-543FCC719702}"
EndProject
Project("{2150E333-8FDC-42A3-9474-1A3956D46DE8}") = "Services", "Services", "{6B9BDBC2-05A4-4185-9B26-9F0FF626449C}"
EndProject
Project("{9A19103F-16F7-4668-BE54-9A1E7A4F7556}") = "DigAccess.Services", "DigAccess.Services\DigAccess.Services.csproj", "{91805B95-03AE-400A-A1FA-0CEF9D16A919}"
EndProject
Project("{9A19103F-16F7-4668-BE54-9A1E7A4F7556}") = "DigAccess.Services.Interfaces", "DigAccess.Interfaces\DigAccess.Services.Interfaces.csproj", "{E22379A3-464B-4ED6-B0DD-181E007BB8FD}"
EndProject
Project("{2150E333-8FDC-42A3-9474-1A3956D46DE8}") = "Common", "Common", "{91339D01-57FE-48A9-8C5B-9F9DDC32FAC4}"
EndProject
Project("{9A19103F-16F7-4668-BE54-9A1E7A4F7556}") = "DigAccess.Common", "DigAccess.Common\DigAccess.Common.csproj", "{1B669459-2C6F-4878-838F-A4BDCC2D43EA}"
EndProject
Project("{9A19103F-16F7-4668-BE54-9A1E7A4F7556}") = "DigAccess.Keys", "DigAccess.Keys\DigAccess.Keys.csproj", "{0D920057-79E9-4FF8-ADF8-806AB0483E7D}"
EndProject
Project("{2150E333-8FDC-42A3-9474-1A3956D46DE8}") = "Keys", "Keys", "{14523992-8BEE-4722-AEAE-DA768962FF49}"
EndProject
Project("{9A19103F-16F7-4668-BE54-9A1E7A4F7556}") = "DigAccess.Data.Seeder", "DigAccess.Data.Seeder\DigAccess.Data.Seeder.csproj", "{4A762AFC-C64E-415E-9A22-8B8D64E925DD}"
EndProject
Project("{FAE04EC0-301F-11D3-BF4B-00C04F79EFBC}") = "DigAccess.Seeder2", "DigAccess.Seeder2\DigAccess.Seeder2.csproj", "{9E56B950-93B0-4480-9812-A4DA4BA59415}"
EndProject
Global
	GlobalSection(SolutionConfigurationPlatforms) = preSolution
		Debug|Any CPU = Debug|Any CPU
		Release|Any CPU = Release|Any CPU
	EndGlobalSection
	GlobalSection(ProjectConfigurationPlatforms) = postSolution
		{62C136D8-8FAD-4435-99CC-94744AF020B4}.Debug|Any CPU.ActiveCfg = Debug|Any CPU
		{62C136D8-8FAD-4435-99CC-94744AF020B4}.Debug|Any CPU.Build.0 = Debug|Any CPU
		{62C136D8-8FAD-4435-99CC-94744AF020B4}.Release|Any CPU.ActiveCfg = Release|Any CPU
		{62C136D8-8FAD-4435-99CC-94744AF020B4}.Release|Any CPU.Build.0 = Release|Any CPU
		{91C006D7-1911-4183-955D-E4C0FBC1C07B}.Debug|Any CPU.ActiveCfg = Debug|Any CPU
		{91C006D7-1911-4183-955D-E4C0FBC1C07B}.Debug|Any CPU.Build.0 = Debug|Any CPU
		{91C006D7-1911-4183-955D-E4C0FBC1C07B}.Release|Any CPU.ActiveCfg = Release|Any CPU
		{91C006D7-1911-4183-955D-E4C0FBC1C07B}.Release|Any CPU.Build.0 = Release|Any CPU
		{F3F88099-CE68-4A69-806A-F6BBE55875BE}.Debug|Any CPU.ActiveCfg = Debug|Any CPU
		{F3F88099-CE68-4A69-806A-F6BBE55875BE}.Debug|Any CPU.Build.0 = Debug|Any CPU
		{F3F88099-CE68-4A69-806A-F6BBE55875BE}.Release|Any CPU.ActiveCfg = Release|Any CPU
		{F3F88099-CE68-4A69-806A-F6BBE55875BE}.Release|Any CPU.Build.0 = Release|Any CPU
		{02A11BD0-C43C-4F2B-9888-543FCC719702}.Debug|Any CPU.ActiveCfg = Debug|Any CPU
		{02A11BD0-C43C-4F2B-9888-543FCC719702}.Debug|Any CPU.Build.0 = Debug|Any CPU
		{02A11BD0-C43C-4F2B-9888-543FCC719702}.Release|Any CPU.ActiveCfg = Release|Any CPU
		{02A11BD0-C43C-4F2B-9888-543FCC719702}.Release|Any CPU.Build.0 = Release|Any CPU
		{91805B95-03AE-400A-A1FA-0CEF9D16A919}.Debug|Any CPU.ActiveCfg = Debug|Any CPU
		{91805B95-03AE-400A-A1FA-0CEF9D16A919}.Debug|Any CPU.Build.0 = Debug|Any CPU
		{91805B95-03AE-400A-A1FA-0CEF9D16A919}.Release|Any CPU.ActiveCfg = Release|Any CPU
		{91805B95-03AE-400A-A1FA-0CEF9D16A919}.Release|Any CPU.Build.0 = Release|Any CPU
		{E22379A3-464B-4ED6-B0DD-181E007BB8FD}.Debug|Any CPU.ActiveCfg = Debug|Any CPU
		{E22379A3-464B-4ED6-B0DD-181E007BB8FD}.Debug|Any CPU.Build.0 = Debug|Any CPU
		{E22379A3-464B-4ED6-B0DD-181E007BB8FD}.Release|Any CPU.ActiveCfg = Release|Any CPU
		{E22379A3-464B-4ED6-B0DD-181E007BB8FD}.Release|Any CPU.Build.0 = Release|Any CPU
		{1B669459-2C6F-4878-838F-A4BDCC2D43EA}.Debug|Any CPU.ActiveCfg = Debug|Any CPU
		{1B669459-2C6F-4878-838F-A4BDCC2D43EA}.Debug|Any CPU.Build.0 = Debug|Any CPU
		{1B669459-2C6F-4878-838F-A4BDCC2D43EA}.Release|Any CPU.ActiveCfg = Release|Any CPU
		{1B669459-2C6F-4878-838F-A4BDCC2D43EA}.Release|Any CPU.Build.0 = Release|Any CPU
		{0D920057-79E9-4FF8-ADF8-806AB0483E7D}.Debug|Any CPU.ActiveCfg = Debug|Any CPU
		{0D920057-79E9-4FF8-ADF8-806AB0483E7D}.Debug|Any CPU.Build.0 = Debug|Any CPU
		{0D920057-79E9-4FF8-ADF8-806AB0483E7D}.Release|Any CPU.ActiveCfg = Release|Any CPU
		{0D920057-79E9-4FF8-ADF8-806AB0483E7D}.Release|Any CPU.Build.0 = Release|Any CPU
		{4A762AFC-C64E-415E-9A22-8B8D64E925DD}.Debug|Any CPU.ActiveCfg = Debug|Any CPU
		{4A762AFC-C64E-415E-9A22-8B8D64E925DD}.Debug|Any CPU.Build.0 = Debug|Any CPU
		{4A762AFC-C64E-415E-9A22-8B8D64E925DD}.Release|Any CPU.ActiveCfg = Release|Any CPU
		{4A762AFC-C64E-415E-9A22-8B8D64E925DD}.Release|Any CPU.Build.0 = Release|Any CPU
		{9E56B950-93B0-4480-9812-A4DA4BA59415}.Debug|Any CPU.ActiveCfg = Debug|Any CPU
		{9E56B950-93B0-4480-9812-A4DA4BA59415}.Debug|Any CPU.Build.0 = Debug|Any CPU
		{9E56B950-93B0-4480-9812-A4DA4BA59415}.Release|Any CPU.ActiveCfg = Release|Any CPU
		{9E56B950-93B0-4480-9812-A4DA4BA59415}.Release|Any CPU.Build.0 = Release|Any CPU
	EndGlobalSection
	GlobalSection(SolutionProperties) = preSolution
		HideSolutionNode = FALSE
	EndGlobalSection
	GlobalSection(NestedProjects) = preSolution
		{91C006D7-1911-4183-955D-E4C0FBC1C07B} = {39C3E4AC-98F9-4899-9165-6E5027ACAAD0}
		{F3F88099-CE68-4A69-806A-F6BBE55875BE} = {1795CA43-4CBB-46F2-9F3A-31F8CCF625B4}
		{02A11BD0-C43C-4F2B-9888-543FCC719702} = {39C3E4AC-98F9-4899-9165-6E5027ACAAD0}
		{91805B95-03AE-400A-A1FA-0CEF9D16A919} = {6B9BDBC2-05A4-4185-9B26-9F0FF626449C}
		{E22379A3-464B-4ED6-B0DD-181E007BB8FD} = {6B9BDBC2-05A4-4185-9B26-9F0FF626449C}
		{1B669459-2C6F-4878-838F-A4BDCC2D43EA} = {91339D01-57FE-48A9-8C5B-9F9DDC32FAC4}
		{0D920057-79E9-4FF8-ADF8-806AB0483E7D} = {14523992-8BEE-4722-AEAE-DA768962FF49}
		{4A762AFC-C64E-415E-9A22-8B8D64E925DD} = {39C3E4AC-98F9-4899-9165-6E5027ACAAD0}
		{9E56B950-93B0-4480-9812-A4DA4BA59415} = {39C3E4AC-98F9-4899-9165-6E5027ACAAD0}
	EndGlobalSection
	GlobalSection(ExtensibilityGlobals) = postSolution
		SolutionGuid = {5EC1CD63-2246-4B5A-AE76-8B2CB790C8D6}
	EndGlobalSection
EndGlobal
